// !$*UTF8*$!
{
	archiveVersion = 1;
	classes = {
	};
	objectVersion = 46;
	objects = {

/* Begin PBXBuildFile section */
		5488900D1D755EA300C69B72 /* AppDelegate.swift in Sources */ = {isa = PBXBuildFile; fileRef = 5488900C1D755EA300C69B72 /* AppDelegate.swift */; };
		5488900F1D755EA300C69B72 /* ViewController.swift in Sources */ = {isa = PBXBuildFile; fileRef = 5488900E1D755EA300C69B72 /* ViewController.swift */; };
		548890121D755EA300C69B72 /* Main.storyboard in Resources */ = {isa = PBXBuildFile; fileRef = 548890101D755EA300C69B72 /* Main.storyboard */; };
		548890141D755EA300C69B72 /* Assets.xcassets in Resources */ = {isa = PBXBuildFile; fileRef = 548890131D755EA300C69B72 /* Assets.xcassets */; };
		548890171D755EA300C69B72 /* LaunchScreen.storyboard in Resources */ = {isa = PBXBuildFile; fileRef = 548890151D755EA300C69B72 /* LaunchScreen.storyboard */; };
		5488901F1D7560C200C69B72 /* SubscriberCountView.swift in Sources */ = {isa = PBXBuildFile; fileRef = 5488901E1D7560C200C69B72 /* SubscriberCountView.swift */; };
		548890211D7562CD00C69B72 /* SubscriberCountViewController.swift in Sources */ = {isa = PBXBuildFile; fileRef = 548890201D7562CD00C69B72 /* SubscriberCountViewController.swift */; };
		5488902F1D759FDD00C69B72 /* Icon@3x.png in Resources */ = {isa = PBXBuildFile; fileRef = 5488902E1D759FDD00C69B72 /* Icon@3x.png */; };
		5488903E1D75A76F00C69B72 /* Video Call Filled-100-2.png in Resources */ = {isa = PBXBuildFile; fileRef = 548890381D75A76F00C69B72 /* Video Call Filled-100-2.png */; };
		5488903F1D75A76F00C69B72 /* Video Call Filled-100-3.png in Resources */ = {isa = PBXBuildFile; fileRef = 548890391D75A76F00C69B72 /* Video Call Filled-100-3.png */; };
		548890401D75A76F00C69B72 /* Visible-100-2.png in Resources */ = {isa = PBXBuildFile; fileRef = 5488903A1D75A76F00C69B72 /* Visible-100-2.png */; };
		548890411D75A76F00C69B72 /* Visible-100.png in Resources */ = {isa = PBXBuildFile; fileRef = 5488903B1D75A76F00C69B72 /* Visible-100.png */; };
		548890421D75A76F00C69B72 /* YouTube-100-2.png in Resources */ = {isa = PBXBuildFile; fileRef = 5488903C1D75A76F00C69B72 /* YouTube-100-2.png */; };
		548890431D75A76F00C69B72 /* YouTube-100.png in Resources */ = {isa = PBXBuildFile; fileRef = 5488903D1D75A76F00C69B72 /* YouTube-100.png */; };
		548890451D75AED700C69B72 /* YoutubeAPI.swift in Sources */ = {isa = PBXBuildFile; fileRef = 548890441D75AED700C69B72 /* YoutubeAPI.swift */; };
/* End PBXBuildFile section */

/* Begin PBXFileReference section */
		548890091D755EA300C69B72 /* SubscriberCount.app */ = {isa = PBXFileReference; explicitFileType = wrapper.application; includeInIndex = 0; path = SubscriberCount.app; sourceTree = BUILT_PRODUCTS_DIR; };
		5488900C1D755EA300C69B72 /* AppDelegate.swift */ = {isa = PBXFileReference; lastKnownFileType = sourcecode.swift; path = AppDelegate.swift; sourceTree = "<group>"; };
		5488900E1D755EA300C69B72 /* ViewController.swift */ = {isa = PBXFileReference; lastKnownFileType = sourcecode.swift; path = ViewController.swift; sourceTree = "<group>"; };
		548890111D755EA300C69B72 /* Base */ = {isa = PBXFileReference; lastKnownFileType = file.storyboard; name = Base; path = Base.lproj/Main.storyboard; sourceTree = "<group>"; };
		548890131D755EA300C69B72 /* Assets.xcassets */ = {isa = PBXFileReference; lastKnownFileType = folder.assetcatalog; path = Assets.xcassets; sourceTree = "<group>"; };
		548890161D755EA300C69B72 /* Base */ = {isa = PBXFileReference; lastKnownFileType = file.storyboard; name = Base; path = Base.lproj/LaunchScreen.storyboard; sourceTree = "<group>"; };
		548890181D755EA300C69B72 /* Info.plist */ = {isa = PBXFileReference; lastKnownFileType = text.plist.xml; path = Info.plist; sourceTree = "<group>"; };
		5488901E1D7560C200C69B72 /* SubscriberCountView.swift */ = {isa = PBXFileReference; fileEncoding = 4; lastKnownFileType = sourcecode.swift; path = SubscriberCountView.swift; sourceTree = "<group>"; };
		548890201D7562CD00C69B72 /* SubscriberCountViewController.swift */ = {isa = PBXFileReference; fileEncoding = 4; lastKnownFileType = sourcecode.swift; path = SubscriberCountViewController.swift; sourceTree = "<group>"; };
		5488902E1D759FDD00C69B72 /* Icon@3x.png */ = {isa = PBXFileReference; lastKnownFileType = image.png; name = "Icon@3x.png"; path = "../../../../../Downloads/Icon@3x.png"; sourceTree = "<group>"; };
		548890381D75A76F00C69B72 /* Video Call Filled-100-2.png */ = {isa = PBXFileReference; lastKnownFileType = image.png; path = "Video Call Filled-100-2.png"; sourceTree = "<group>"; };
		548890391D75A76F00C69B72 /* Video Call Filled-100-3.png */ = {isa = PBXFileReference; lastKnownFileType = image.png; path = "Video Call Filled-100-3.png"; sourceTree = "<group>"; };
		5488903A1D75A76F00C69B72 /* Visible-100-2.png */ = {isa = PBXFileReference; lastKnownFileType = image.png; path = "Visible-100-2.png"; sourceTree = "<group>"; };
		5488903B1D75A76F00C69B72 /* Visible-100.png */ = {isa = PBXFileReference; lastKnownFileType = image.png; path = "Visible-100.png"; sourceTree = "<group>"; };
		5488903C1D75A76F00C69B72 /* YouTube-100-2.png */ = {isa = PBXFileReference; lastKnownFileType = image.png; path = "YouTube-100-2.png"; sourceTree = "<group>"; };
		5488903D1D75A76F00C69B72 /* YouTube-100.png */ = {isa = PBXFileReference; lastKnownFileType = image.png; path = "YouTube-100.png"; sourceTree = "<group>"; };
		548890441D75AED700C69B72 /* YoutubeAPI.swift */ = {isa = PBXFileReference; fileEncoding = 4; lastKnownFileType = sourcecode.swift; path = YoutubeAPI.swift; sourceTree = "<group>"; };
/* End PBXFileReference section */

/* Begin PBXFrameworksBuildPhase section */
		548890061D755EA200C69B72 /* Frameworks */ = {
			isa = PBXFrameworksBuildPhase;
			buildActionMask = 2147483647;
			files = (
			);
			runOnlyForDeploymentPostprocessing = 0;
		};
/* End PBXFrameworksBuildPhase section */

/* Begin PBXGroup section */
		548890001D755EA200C69B72 = {
			isa = PBXGroup;
			children = (
				5488900B1D755EA300C69B72 /* SubscriberCount */,
				5488900A1D755EA300C69B72 /* Products */,
			);
			sourceTree = "<group>";
		};
		5488900A1D755EA300C69B72 /* Products */ = {
			isa = PBXGroup;
			children = (
				548890091D755EA300C69B72 /* SubscriberCount.app */,
			);
			name = Products;
			sourceTree = "<group>";
		};
		5488900B1D755EA300C69B72 /* SubscriberCount */ = {
			isa = PBXGroup;
			children = (
				5488900C1D755EA300C69B72 /* AppDelegate.swift */,
				5488900E1D755EA300C69B72 /* ViewController.swift */,
				548890101D755EA300C69B72 /* Main.storyboard */,
				5488901E1D7560C200C69B72 /* SubscriberCountView.swift */,
				548890201D7562CD00C69B72 /* SubscriberCountViewController.swift */,
				548890441D75AED700C69B72 /* YoutubeAPI.swift */,
				5488902E1D759FDD00C69B72 /* Icon@3x.png */,
				548890381D75A76F00C69B72 /* Video Call Filled-100-2.png */,
				548890391D75A76F00C69B72 /* Video Call Filled-100-3.png */,
				5488903A1D75A76F00C69B72 /* Visible-100-2.png */,
				5488903B1D75A76F00C69B72 /* Visible-100.png */,
				5488903C1D75A76F00C69B72 /* YouTube-100-2.png */,
				5488903D1D75A76F00C69B72 /* YouTube-100.png */,
				548890131D755EA300C69B72 /* Assets.xcassets */,
				548890151D755EA300C69B72 /* LaunchScreen.storyboard */,
				548890181D755EA300C69B72 /* Info.plist */,
			);
			path = SubscriberCount;
			sourceTree = "<group>";
		};
/* End PBXGroup section */

/* Begin PBXNativeTarget section */
		548890081D755EA200C69B72 /* SubscriberCount */ = {
			isa = PBXNativeTarget;
			buildConfigurationList = 5488901B1D755EA300C69B72 /* Build configuration list for PBXNativeTarget "SubscriberCount" */;
			buildPhases = (
				548890051D755EA200C69B72 /* Sources */,
				548890061D755EA200C69B72 /* Frameworks */,
				548890071D755EA200C69B72 /* Resources */,
			);
			buildRules = (
			);
			dependencies = (
			);
			name = SubscriberCount;
			productName = SubscriberCount;
			productReference = 548890091D755EA300C69B72 /* SubscriberCount.app */;
			productType = "com.apple.product-type.application";
		};
/* End PBXNativeTarget section */

/* Begin PBXProject section */
		548890011D755EA200C69B72 /* Project object */ = {
			isa = PBXProject;
			attributes = {
				LastSwiftUpdateCheck = 0730;
				LastUpgradeCheck = 0730;
				ORGANIZATIONNAME = "Maciej Kowalski";
				TargetAttributes = {
					548890081D755EA200C69B72 = {
						CreatedOnToolsVersion = 7.3;
						DevelopmentTeam = 942A7H28XF;
					};
				};
			};
			buildConfigurationList = 548890041D755EA200C69B72 /* Build configuration list for PBXProject "SubscriberCount" */;
			compatibilityVersion = "Xcode 3.2";
			developmentRegion = English;
			hasScannedForEncodings = 0;
			knownRegions = (
				en,
				Base,
			);
			mainGroup = 548890001D755EA200C69B72;
			productRefGroup = 5488900A1D755EA300C69B72 /* Products */;
			projectDirPath = "";
			projectRoot = "";
			targets = (
				548890081D755EA200C69B72 /* SubscriberCount */,
			);
		};
/* End PBXProject section */

/* Begin PBXResourcesBuildPhase section */
		548890071D755EA200C69B72 /* Resources */ = {
			isa = PBXResourcesBuildPhase;
			buildActionMask = 2147483647;
			files = (
				548890401D75A76F00C69B72 /* Visible-100-2.png in Resources */,
				548890171D755EA300C69B72 /* LaunchScreen.storyboard in Resources */,
				548890141D755EA300C69B72 /* Assets.xcassets in Resources */,
				548890421D75A76F00C69B72 /* YouTube-100-2.png in Resources */,
				5488902F1D759FDD00C69B72 /* Icon@3x.png in Resources */,
				548890431D75A76F00C69B72 /* YouTube-100.png in Resources */,
				5488903F1D75A76F00C69B72 /* Video Call Filled-100-3.png in Resources */,
				5488903E1D75A76F00C69B72 /* Video Call Filled-100-2.png in Resources */,
				548890411D75A76F00C69B72 /* Visible-100.png in Resources */,
				548890121D755EA300C69B72 /* Main.storyboard in Resources */,
			);
			runOnlyForDeploymentPostprocessing = 0;
		};
/* End PBXResourcesBuildPhase section */

/* Begin PBXSourcesBuildPhase section */
		548890051D755EA200C69B72 /* Sources */ = {
			isa = PBXSourcesBuildPhase;
			buildActionMask = 2147483647;
			files = (
				5488900F1D755EA300C69B72 /* ViewController.swift in Sources */,
				5488901F1D7560C200C69B72 /* SubscriberCountView.swift in Sources */,
				548890451D75AED700C69B72 /* YoutubeAPI.swift in Sources */,
				548890211D7562CD00C69B72 /* SubscriberCountViewController.swift in Sources */,
				5488900D1D755EA300C69B72 /* AppDelegate.swift in Sources */,
			);
			runOnlyForDeploymentPostprocessing = 0;
		};
/* End PBXSourcesBuildPhase section */

/* Begin PBXVariantGroup section */
		548890101D755EA300C69B72 /* Main.storyboard */ = {
			isa = PBXVariantGroup;
			children = (
				548890111D755EA300C69B72 /* Base */,
			);
			name = Main.storyboard;
			sourceTree = "<group>";
		};
		548890151D755EA300C69B72 /* LaunchScreen.storyboard */ = {
			isa = PBXVariantGroup;
			children = (
				548890161D755EA300C69B72 /* Base */,
			);
			name = LaunchScreen.storyboard;
			sourceTree = "<group>";
		};
/* End PBXVariantGroup section */

/* Begin XCBuildConfiguration section */
		548890191D755EA300C69B72 /* Debug */ = {
			isa = XCBuildConfiguration;
			buildSettings = {
				ALWAYS_SEARCH_USER_PATHS = NO;
				CLANG_ANALYZER_NONNULL = YES;
				CLANG_CXX_LANGUAGE_STANDARD = "gnu++0x";
				CLANG_CXX_LIBRARY = "libc++";
				CLANG_ENABLE_MODULES = YES;
				CLANG_ENABLE_OBJC_ARC = YES;
				CLANG_WARN_BOOL_CONVERSION = YES;
				CLANG_WARN_CONSTANT_CONVERSION = YES;
				CLANG_WARN_DIRECT_OBJC_ISA_USAGE = YES_ERROR;
				CLANG_WARN_EMPTY_BODY = YES;
				CLANG_WARN_ENUM_CONVERSION = YES;
				CLANG_WARN_INT_CONVERSION = YES;
				CLANG_WARN_OBJC_ROOT_CLASS = YES_ERROR;
				CLANG_WARN_UNREACHABLE_CODE = YES;
				CLANG_WARN__DUPLICATE_METHOD_MATCH = YES;
				"CODE_SIGN_IDENTITY[sdk=iphoneos*]" = "iPhone Developer";
				COPY_PHASE_STRIP = NO;
				DEBUG_INFORMATION_FORMAT = dwarf;
				ENABLE_STRICT_OBJC_MSGSEND = YES;
				ENABLE_TESTABILITY = YES;
				GCC_C_LANGUAGE_STANDARD = gnu99;
				GCC_DYNAMIC_NO_PIC = NO;
				GCC_NO_COMMON_BLOCKS = YES;
				GCC_OPTIMIZATION_LEVEL = 0;
				GCC_PREPROCESSOR_DEFINITIONS = (
					"DEBUG=1",
					"$(inherited)",
				);
				GCC_WARN_64_TO_32_BIT_CONVERSION = YES;
				GCC_WARN_ABOUT_RETURN_TYPE = YES_ERROR;
				GCC_WARN_UNDECLARED_SELECTOR = YES;
				GCC_WARN_UNINITIALIZED_AUTOS = YES_AGGRESSIVE;
				GCC_WARN_UNUSED_FUNCTION = YES;
				GCC_WARN_UNUSED_VARIABLE = YES;
				IPHONEOS_DEPLOYMENT_TARGET = 9.3;
				MTL_ENABLE_DEBUG_INFO = YES;
				ONLY_ACTIVE_ARCH = YES;
				SDKROOT = iphoneos;
				SWIFT_OPTIMIZATION_LEVEL = "-Onone";
				TARGETED_DEVICE_FAMILY = "1,2";
			};
			name = Debug;
		};
		5488901A1D755EA300C69B72 /* Release */ = {
			isa = XCBuildConfiguration;
			buildSettings = {
				ALWAYS_SEARCH_USER_PATHS = NO;
				CLANG_ANALYZER_NONNULL = YES;
				CLANG_CXX_LANGUAGE_STANDARD = "gnu++0x";
				CLANG_CXX_LIBRARY = "libc++";
				CLANG_ENABLE_MODULES = YES;
				CLANG_ENABLE_OBJC_ARC = YES;
				CLANG_WARN_BOOL_CONVERSION = YES;
				CLANG_WARN_CONSTANT_CONVERSION = YES;
				CLANG_WARN_DIRECT_OBJC_ISA_USAGE = YES_ERROR;
				CLANG_WARN_EMPTY_BODY = YES;
				CLANG_WARN_ENUM_CONVERSION = YES;
				CLANG_WARN_INT_CONVERSION = YES;
				CLANG_WARN_OBJC_ROOT_CLASS = YES_ERROR;
				CLANG_WARN_UNREACHABLE_CODE = YES;
				CLANG_WARN__DUPLICATE_METHOD_MATCH = YES;
				"CODE_SIGN_IDENTITY[sdk=iphoneos*]" = "iPhone Developer";
				COPY_PHASE_STRIP = NO;
				DEBUG_INFORMATION_FORMAT = "dwarf-with-dsym";
				ENABLE_NS_ASSERTIONS = NO;
				ENABLE_STRICT_OBJC_MSGSEND = YES;
				GCC_C_LANGUAGE_STANDARD = gnu99;
				GCC_NO_COMMON_BLOCKS = YES;
				GCC_WARN_64_TO_32_BIT_CONVERSION = YES;
				GCC_WARN_ABOUT_RETURN_TYPE = YES_ERROR;
				GCC_WARN_UNDECLARED_SELECTOR = YES;
				GCC_WARN_UNINITIALIZED_AUTOS = YES_AGGRESSIVE;
				GCC_WARN_UNUSED_FUNCTION = YES;
				GCC_WARN_UNUSED_VARIABLE = YES;
				IPHONEOS_DEPLOYMENT_TARGET = 9.3;
				MTL_ENABLE_DEBUG_INFO = NO;
				SDKROOT = iphoneos;
				TARGETED_DEVICE_FAMILY = "1,2";
				VALIDATE_PRODUCT = YES;
			};
			name = Release;
		};
		5488901C1D755EA300C69B72 /* Debug */ = {
			isa = XCBuildConfiguration;
			buildSettings = {
				ASSETCATALOG_COMPILER_APPICON_NAME = AppIcon;
				CODE_SIGN_IDENTITY = "iPhone Developer";
				"CODE_SIGN_IDENTITY[sdk=iphoneos*]" = "iPhone Developer";
				INFOPLIST_FILE = SubscriberCount/Info.plist;
				LD_RUNPATH_SEARCH_PATHS = "$(inherited) @executable_path/Frameworks";
				PRODUCT_BUNDLE_IDENTIFIER = com.maciejkowalski.SubscriberCount;
				PRODUCT_NAME = "$(TARGET_NAME)";
				PROVISIONING_PROFILE = "";
			};
			name = Debug;
		};
		5488901D1D755EA300C69B72 /* Release */ = {
			isa = XCBuildConfiguration;
			buildSettings = {
				ASSETCATALOG_COMPILER_APPICON_NAME = AppIcon;
				CODE_SIGN_IDENTITY = "iPhone Developer";
				"CODE_SIGN_IDENTITY[sdk=iphoneos*]" = "iPhone Developer";
				INFOPLIST_FILE = SubscriberCount/Info.plist;
				LD_RUNPATH_SEARCH_PATHS = "$(inherited) @executable_path/Frameworks";
				PRODUCT_BUNDLE_IDENTIFIER = com.maciejkowalski.SubscriberCount;
				PRODUCT_NAME = "$(TARGET_NAME)";
				PROVISIONING_PROFILE = "";
			};
			name = Release;
		};
/* End XCBuildConfiguration section */

/* Begin XCConfigurationList section */
		548890041D755EA200C69B72 /* Build configuration list for PBXProject "SubscriberCount" */ = {
			isa = XCConfigurationList;
			buildConfigurations = (
				548890191D755EA300C69B72 /* Debug */,
				5488901A1D755EA300C69B72 /* Release */,
			);
			defaultConfigurationIsVisible = 0;
			defaultConfigurationName = Release;
		};
		5488901B1D755EA300C69B72 /* Build configuration list for PBXNativeTarget "SubscriberCount" */ = {
			isa = XCConfigurationList;
			buildConfigurations = (
				5488901C1D755EA300C69B72 /* Debug */,
				5488901D1D755EA300C69B72 /* Release */,
			);
			defaultConfigurationIsVisible = 0;
			defaultConfigurationName = Release;
		};
/* End XCConfigurationList section */
	};
	rootObject = 548890011D755EA200C69B72 /* Project object */;
}
